// !$*UTF8*$!
{
	archiveVersion = 1;
	classes = {
	};
	objectVersion = 50;
	objects = {

/* Begin PBXBuildFile section */
		9A2A8645270F11380079007F /* Class_30ProjectsApp.swift in Sources */ = {isa = PBXBuildFile; fileRef = 9A2A8632270F11380079007F /* Class_30ProjectsApp.swift */; };
		9A2A8646270F11380079007F /* Class_30ProjectsApp.swift in Sources */ = {isa = PBXBuildFile; fileRef = 9A2A8632270F11380079007F /* Class_30ProjectsApp.swift */; };
		9A2A8647270F11380079007F /* ContentView.swift in Sources */ = {isa = PBXBuildFile; fileRef = 9A2A8633270F11380079007F /* ContentView.swift */; };
		9A2A8648270F11380079007F /* ContentView.swift in Sources */ = {isa = PBXBuildFile; fileRef = 9A2A8633270F11380079007F /* ContentView.swift */; };
		9A2A8649270F11380079007F /* Assets.xcassets in Resources */ = {isa = PBXBuildFile; fileRef = 9A2A8634270F11380079007F /* Assets.xcassets */; };
		9A2A864A270F11380079007F /* Assets.xcassets in Resources */ = {isa = PBXBuildFile; fileRef = 9A2A8634270F11380079007F /* Assets.xcassets */; };
/* End PBXBuildFile section */

/* Begin PBXFileReference section */
		9A2A8632270F11380079007F /* Class_30ProjectsApp.swift */ = {isa = PBXFileReference; lastKnownFileType = sourcecode.swift; path = Class_30ProjectsApp.swift; sourceTree = "<group>"; };
		9A2A8633270F11380079007F /* ContentView.swift */ = {isa = PBXFileReference; lastKnownFileType = sourcecode.swift; path = ContentView.swift; sourceTree = "<group>"; };
		9A2A8634270F11380079007F /* Assets.xcassets */ = {isa = PBXFileReference; lastKnownFileType = folder.assetcatalog; path = Assets.xcassets; sourceTree = "<group>"; };
		9A2A8639270F11380079007F /* Class_30Projects.app */ = {isa = PBXFileReference; explicitFileType = wrapper.application; includeInIndex = 0; path = Class_30Projects.app; sourceTree = BUILT_PRODUCTS_DIR; };
		9A2A863C270F11380079007F /* Info.plist */ = {isa = PBXFileReference; lastKnownFileType = text.plist.xml; path = Info.plist; sourceTree = "<group>"; };
		9A2A8641270F11380079007F /* Class_30Projects.app */ = {isa = PBXFileReference; explicitFileType = wrapper.application; includeInIndex = 0; path = Class_30Projects.app; sourceTree = BUILT_PRODUCTS_DIR; };
		9A2A8643270F11380079007F /* Info.plist */ = {isa = PBXFileReference; lastKnownFileType = text.plist.xml; path = Info.plist; sourceTree = "<group>"; };
		9A2A8644270F11380079007F /* macOS.entitlements */ = {isa = PBXFileReference; lastKnownFileType = text.plist.entitlements; path = macOS.entitlements; sourceTree = "<group>"; };
/* End PBXFileReference section */

/* Begin PBXFrameworksBuildPhase section */
		9A2A8636270F11380079007F /* Frameworks */ = {
			isa = PBXFrameworksBuildPhase;
			buildActionMask = 2147483647;
			files = (
			);
			runOnlyForDeploymentPostprocessing = 0;
		};
		9A2A863E270F11380079007F /* Frameworks */ = {
			isa = PBXFrameworksBuildPhase;
			buildActionMask = 2147483647;
			files = (
			);
			runOnlyForDeploymentPostprocessing = 0;
		};
/* End PBXFrameworksBuildPhase section */

/* Begin PBXGroup section */
		9A2A862C270F11370079007F = {
			isa = PBXGroup;
			children = (
				9A2A8631270F11380079007F /* Shared */,
				9A2A863B270F11380079007F /* iOS */,
				9A2A8642270F11380079007F /* macOS */,
				9A2A863A270F11380079007F /* Products */,
			);
			sourceTree = "<group>";
		};
		9A2A8631270F11380079007F /* Shared */ = {
			isa = PBXGroup;
			children = (
				9A2A8632270F11380079007F /* Class_30ProjectsApp.swift */,
				9A2A8633270F11380079007F /* ContentView.swift */,
				9A2A8634270F11380079007F /* Assets.xcassets */,
			);
			path = Shared;
			sourceTree = "<group>";
		};
		9A2A863A270F11380079007F /* Products */ = {
			isa = PBXGroup;
			children = (
				9A2A8639270F11380079007F /* Class_30Projects.app */,
				9A2A8641270F11380079007F /* Class_30Projects.app */,
			);
			name = Products;
			sourceTree = "<group>";
		};
		9A2A863B270F11380079007F /* iOS */ = {
			isa = PBXGroup;
			children = (
				9A2A863C270F11380079007F /* Info.plist */,
			);
			path = iOS;
			sourceTree = "<group>";
		};
		9A2A8642270F11380079007F /* macOS */ = {
			isa = PBXGroup;
			children = (
				9A2A8643270F11380079007F /* Info.plist */,
				9A2A8644270F11380079007F /* macOS.entitlements */,
			);
			path = macOS;
			sourceTree = "<group>";
		};
/* End PBXGroup section */

/* Begin PBXNativeTarget section */
		9A2A8638270F11380079007F /* Class_30Projects (iOS) */ = {
			isa = PBXNativeTarget;
			buildConfigurationList = 9A2A864D270F11380079007F /* Build configuration list for PBXNativeTarget "Class_30Projects (iOS)" */;
			buildPhases = (
				9A2A8635270F11380079007F /* Sources */,
				9A2A8636270F11380079007F /* Frameworks */,
				9A2A8637270F11380079007F /* Resources */,
			);
			buildRules = (
			);
			dependencies = (
			);
			name = "Class_30Projects (iOS)";
			productName = "Class_30Projects (iOS)";
			productReference = 9A2A8639270F11380079007F /* Class_30Projects.app */;
			productType = "com.apple.product-type.application";
		};
		9A2A8640270F11380079007F /* Class_30Projects (macOS) */ = {
			isa = PBXNativeTarget;
			buildConfigurationList = 9A2A8650270F11380079007F /* Build configuration list for PBXNativeTarget "Class_30Projects (macOS)" */;
			buildPhases = (
				9A2A863D270F11380079007F /* Sources */,
				9A2A863E270F11380079007F /* Frameworks */,
				9A2A863F270F11380079007F /* Resources */,
			);
			buildRules = (
			);
			dependencies = (
			);
			name = "Class_30Projects (macOS)";
			productName = "Class_30Projects (macOS)";
			productReference = 9A2A8641270F11380079007F /* Class_30Projects.app */;
			productType = "com.apple.product-type.application";
		};
/* End PBXNativeTarget section */

/* Begin PBXProject section */
		9A2A862D270F11370079007F /* Project object */ = {
			isa = PBXProject;
			attributes = {
				LastSwiftUpdateCheck = 1250;
				LastUpgradeCheck = 1250;
				TargetAttributes = {
					9A2A8638270F11380079007F = {
						CreatedOnToolsVersion = 12.5.1;
					};
					9A2A8640270F11380079007F = {
						CreatedOnToolsVersion = 12.5.1;
					};
				};
			};
			buildConfigurationList = 9A2A8630270F11370079007F /* Build configuration list for PBXProject "Class_30Projects" */;
			compatibilityVersion = "Xcode 9.3";
			developmentRegion = en;
			hasScannedForEncodings = 0;
			knownRegions = (
				en,
				Base,
			);
			mainGroup = 9A2A862C270F11370079007F;
			productRefGroup = 9A2A863A270F11380079007F /* Products */;
			projectDirPath = "";
			projectRoot = "";
			targets = (
				9A2A8638270F11380079007F /* Class_30Projects (iOS) */,
				9A2A8640270F11380079007F /* Class_30Projects (macOS) */,
			);
		};
/* End PBXProject section */

/* Begin PBXResourcesBuildPhase section */
		9A2A8637270F11380079007F /* Resources */ = {
			isa = PBXResourcesBuildPhase;
			buildActionMask = 2147483647;
			files = (
				9A2A8649270F11380079007F /* Assets.xcassets in Resources */,
			);
			runOnlyForDeploymentPostprocessing = 0;
		};
		9A2A863F270F11380079007F /* Resources */ = {
			isa = PBXResourcesBuildPhase;
			buildActionMask = 2147483647;
			files = (
				9A2A864A270F11380079007F /* Assets.xcassets in Resources */,
			);
			runOnlyForDeploymentPostprocessing = 0;
		};
/* End PBXResourcesBuildPhase section */

/* Begin PBXSourcesBuildPhase section */
		9A2A8635270F11380079007F /* Sources */ = {
			isa = PBXSourcesBuildPhase;
			buildActionMask = 2147483647;
			files = (
				9A2A8647270F11380079007F /* ContentView.swift in Sources */,
				9A2A8645270F11380079007F /* Class_30ProjectsApp.swift in Sources */,
			);
			runOnlyForDeploymentPostprocessing = 0;
		};
		9A2A863D270F11380079007F /* Sources */ = {
			isa = PBXSourcesBuildPhase;
			buildActionMask = 2147483647;
			files = (
				9A2A8648270F11380079007F /* ContentView.swift in Sources */,
				9A2A8646270F11380079007F /* Class_30ProjectsApp.swift in Sources */,
			);
			runOnlyForDeploymentPostprocessing = 0;
		};
/* End PBXSourcesBuildPhase section */

/* Begin XCBuildConfiguration section */
		9A2A864B270F11380079007F /* Debug */ = {
			isa = XCBuildConfiguration;
			buildSettings = {
				ALWAYS_SEARCH_USER_PATHS = NO;
				CLANG_ANALYZER_NONNULL = YES;
				CLANG_ANALYZER_NUMBER_OBJECT_CONVERSION = YES_AGGRESSIVE;
				CLANG_CXX_LANGUAGE_STANDARD = "gnu++14";
				CLANG_CXX_LIBRARY = "libc++";
				CLANG_ENABLE_MODULES = YES;
				CLANG_ENABLE_OBJC_ARC = YES;
				CLANG_ENABLE_OBJC_WEAK = YES;
				CLANG_WARN_BLOCK_CAPTURE_AUTORELEASING = YES;
				CLANG_WARN_BOOL_CONVERSION = YES;
				CLANG_WARN_COMMA = YES;
				CLANG_WARN_CONSTANT_CONVERSION = YES;
				CLANG_WARN_DEPRECATED_OBJC_IMPLEMENTATIONS = YES;
				CLANG_WARN_DIRECT_OBJC_ISA_USAGE = YES_ERROR;
				CLANG_WARN_DOCUMENTATION_COMMENTS = YES;
				CLANG_WARN_EMPTY_BODY = YES;
				CLANG_WARN_ENUM_CONVERSION = YES;
				CLANG_WARN_INFINITE_RECURSION = YES;
				CLANG_WARN_INT_CONVERSION = YES;
				CLANG_WARN_NON_LITERAL_NULL_CONVERSION = YES;
				CLANG_WARN_OBJC_IMPLICIT_RETAIN_SELF = YES;
				CLANG_WARN_OBJC_LITERAL_CONVERSION = YES;
				CLANG_WARN_OBJC_ROOT_CLASS = YES_ERROR;
				CLANG_WARN_QUOTED_INCLUDE_IN_FRAMEWORK_HEADER = YES;
				CLANG_WARN_RANGE_LOOP_ANALYSIS = YES;
				CLANG_WARN_STRICT_PROTOTYPES = YES;
				CLANG_WARN_SUSPICIOUS_MOVE = YES;
				CLANG_WARN_UNGUARDED_AVAILABILITY = YES_AGGRESSIVE;
				CLANG_WARN_UNREACHABLE_CODE = YES;
				CLANG_WARN__DUPLICATE_METHOD_MATCH = YES;
				COPY_PHASE_STRIP = NO;
				DEBUG_INFORMATION_FORMAT = dwarf;
				ENABLE_STRICT_OBJC_MSGSEND = YES;
				ENABLE_TESTABILITY = YES;
				GCC_C_LANGUAGE_STANDARD = gnu11;
				GCC_DYNAMIC_NO_PIC = NO;
				GCC_NO_COMMON_BLOCKS = YES;
				GCC_OPTIMIZATION_LEVEL = 0;
				GCC_PREPROCESSOR_DEFINITIONS = (
					"DEBUG=1",
					"$(inherited)",
				);
				GCC_WARN_64_TO_32_BIT_CONVERSION = YES;
				GCC_WARN_ABOUT_RETURN_TYPE = YES_ERROR;
				GCC_WARN_UNDECLARED_SELECTOR = YES;
				GCC_WARN_UNINITIALIZED_AUTOS = YES_AGGRESSIVE;
				GCC_WARN_UNUSED_FUNCTION = YES;
				GCC_WARN_UNUSED_VARIABLE = YES;
				MTL_ENABLE_DEBUG_INFO = INCLUDE_SOURCE;
				MTL_FAST_MATH = YES;
				ONLY_ACTIVE_ARCH = YES;
				SWIFT_ACTIVE_COMPILATION_CONDITIONS = DEBUG;
				SWIFT_OPTIMIZATION_LEVEL = "-Onone";
			};
			name = Debug;
		};
		9A2A864C270F11380079007F /* Release */ = {
			isa = XCBuildConfiguration;
			buildSettings = {
				ALWAYS_SEARCH_USER_PATHS = NO;
				CLANG_ANALYZER_NONNULL = YES;
				CLANG_ANALYZER_NUMBER_OBJECT_CONVERSION = YES_AGGRESSIVE;
				CLANG_CXX_LANGUAGE_STANDARD = "gnu++14";
				CLANG_CXX_LIBRARY = "libc++";
				CLANG_ENABLE_MODULES = YES;
				CLANG_ENABLE_OBJC_ARC = YES;
				CLANG_ENABLE_OBJC_WEAK = YES;
				CLANG_WARN_BLOCK_CAPTURE_AUTORELEASING = YES;
				CLANG_WARN_BOOL_CONVERSION = YES;
				CLANG_WARN_COMMA = YES;
				CLANG_WARN_CONSTANT_CONVERSION = YES;
				CLANG_WARN_DEPRECATED_OBJC_IMPLEMENTATIONS = YES;
				CLANG_WARN_DIRECT_OBJC_ISA_USAGE = YES_ERROR;
				CLANG_WARN_DOCUMENTATION_COMMENTS = YES;
				CLANG_WARN_EMPTY_BODY = YES;
				CLANG_WARN_ENUM_CONVERSION = YES;
				CLANG_WARN_INFINITE_RECURSION = YES;
				CLANG_WARN_INT_CONVERSION = YES;
				CLANG_WARN_NON_LITERAL_NULL_CONVERSION = YES;
				CLANG_WARN_OBJC_IMPLICIT_RETAIN_SELF = YES;
				CLANG_WARN_OBJC_LITERAL_CONVERSION = YES;
				CLANG_WARN_OBJC_ROOT_CLASS = YES_ERROR;
				CLANG_WARN_QUOTED_INCLUDE_IN_FRAMEWORK_HEADER = YES;
				CLANG_WARN_RANGE_LOOP_ANALYSIS = YES;
				CLANG_WARN_STRICT_PROTOTYPES = YES;
				CLANG_WARN_SUSPICIOUS_MOVE = YES;
				CLANG_WARN_UNGUARDED_AVAILABILITY = YES_AGGRESSIVE;
				CLANG_WARN_UNREACHABLE_CODE = YES;
				CLANG_WARN__DUPLICATE_METHOD_MATCH = YES;
				COPY_PHASE_STRIP = NO;
				DEBUG_INFORMATION_FORMAT = "dwarf-with-dsym";
				ENABLE_NS_ASSERTIONS = NO;
				ENABLE_STRICT_OBJC_MSGSEND = YES;
				GCC_C_LANGUAGE_STANDARD = gnu11;
				GCC_NO_COMMON_BLOCKS = YES;
				GCC_WARN_64_TO_32_BIT_CONVERSION = YES;
				GCC_WARN_ABOUT_RETURN_TYPE = YES_ERROR;
				GCC_WARN_UNDECLARED_SELECTOR = YES;
				GCC_WARN_UNINITIALIZED_AUTOS = YES_AGGRESSIVE;
				GCC_WARN_UNUSED_FUNCTION = YES;
				GCC_WARN_UNUSED_VARIABLE = YES;
				MTL_ENABLE_DEBUG_INFO = NO;
				MTL_FAST_MATH = YES;
				SWIFT_COMPILATION_MODE = wholemodule;
				SWIFT_OPTIMIZATION_LEVEL = "-O";
			};
			name = Release;
		};
		9A2A864E270F11380079007F /* Debug */ = {
			isa = XCBuildConfiguration;
			buildSettings = {
				ASSETCATALOG_COMPILER_APPICON_NAME = AppIcon;
				ASSETCATALOG_COMPILER_GLOBAL_ACCENT_COLOR_NAME = AccentColor;
				CODE_SIGN_STYLE = Automatic;
				ENABLE_PREVIEWS = YES;
				INFOPLIST_FILE = iOS/Info.plist;
				IPHONEOS_DEPLOYMENT_TARGET = 14.0;
				LD_RUNPATH_SEARCH_PATHS = (
					"$(inherited)",
					"@executable_path/Frameworks",
				);
				PRODUCT_BUNDLE_IDENTIFIER = "com.tistory.88yhtserof.Class-30Projects";
				PRODUCT_NAME = Class_30Projects;
				SDKROOT = iphoneos;
				SWIFT_VERSION = 5.0;
				TARGETED_DEVICE_FAMILY = "1,2";
			};
			name = Debug;
		};
		9A2A864F270F11380079007F /* Release */ = {
			isa = XCBuildConfiguration;
			buildSettings = {
				ASSETCATALOG_COMPILER_APPICON_NAME = AppIcon;
				ASSETCATALOG_COMPILER_GLOBAL_ACCENT_COLOR_NAME = AccentColor;
				CODE_SIGN_STYLE = Automatic;
				ENABLE_PREVIEWS = YES;
				INFOPLIST_FILE = iOS/Info.plist;
				IPHONEOS_DEPLOYMENT_TARGET = 14.0;
				LD_RUNPATH_SEARCH_PATHS = (
					"$(inherited)",
					"@executable_path/Frameworks",
				);
				PRODUCT_BUNDLE_IDENTIFIER = "com.tistory.88yhtserof.Class-30Projects";
				PRODUCT_NAME = Class_30Projects;
				SDKROOT = iphoneos;
				SWIFT_VERSION = 5.0;
				TARGETED_DEVICE_FAMILY = "1,2";
				VALIDATE_PRODUCT = YES;
			};
			name = Release;
		};
		9A2A8651270F11380079007F /* Debug */ = {
			isa = XCBuildConfiguration;
			buildSettings = {
				ASSETCATALOG_COMPILER_APPICON_NAME = AppIcon;
				ASSETCATALOG_COMPILER_GLOBAL_ACCENT_COLOR_NAME = AccentColor;
				CODE_SIGN_ENTITLEMENTS = macOS/macOS.entitlements;
				CODE_SIGN_STYLE = Automatic;
				COMBINE_HIDPI_IMAGES = YES;
				ENABLE_PREVIEWS = YES;
				INFOPLIST_FILE = macOS/Info.plist;
				LD_RUNPATH_SEARCH_PATHS = (
					"$(inherited)",
					"@executable_path/../Frameworks",
				);
				MACOSX_DEPLOYMENT_TARGET = 11.0;
				PRODUCT_BUNDLE_IDENTIFIER = "com.tistory.88yhtserof.Class-30Projects";
				PRODUCT_NAME = Class_30Projects;
				SDKROOT = macosx;
				SWIFT_VERSION = 5.0;
			};
			name = Debug;
		};
		9A2A8652270F11380079007F /* Release */ = {
			isa = XCBuildConfiguration;
			buildSettings = {
				ASSETCATALOG_COMPILER_APPICON_NAME = AppIcon;
				ASSETCATALOG_COMPILER_GLOBAL_ACCENT_COLOR_NAME = AccentColor;
				CODE_SIGN_ENTITLEMENTS = macOS/macOS.entitlements;
				CODE_SIGN_STYLE = Automatic;
				COMBINE_HIDPI_IMAGES = YES;
				ENABLE_PREVIEWS = YES;
				INFOPLIST_FILE = macOS/Info.plist;
				LD_RUNPATH_SEARCH_PATHS = (
					"$(inherited)",
					"@executable_path/../Frameworks",
				);
				MACOSX_DEPLOYMENT_TARGET = 11.0;
				PRODUCT_BUNDLE_IDENTIFIER = "com.tistory.88yhtserof.Class-30Projects";
				PRODUCT_NAME = Class_30Projects;
				SDKROOT = macosx;
				SWIFT_VERSION = 5.0;
			};
			name = Release;
		};
/* End XCBuildConfiguration section */

/* Begin XCConfigurationList section */
		9A2A8630270F11370079007F /* Build configuration list for PBXProject "Class_30Projects" */ = {
			isa = XCConfigurationList;
			buildConfigurations = (
				9A2A864B270F11380079007F /* Debug */,
				9A2A864C270F11380079007F /* Release */,
			);
			defaultConfigurationIsVisible = 0;
			defaultConfigurationName = Release;
		};
		9A2A864D270F11380079007F /* Build configuration list for PBXNativeTarget "Class_30Projects (iOS)" */ = {
			isa = XCConfigurationList;
			buildConfigurations = (
				9A2A864E270F11380079007F /* Debug */,
				9A2A864F270F11380079007F /* Release */,
			);
			defaultConfigurationIsVisible = 0;
			defaultConfigurationName = Release;
		};
		9A2A8650270F11380079007F /* Build configuration list for PBXNativeTarget "Class_30Projects (macOS)" */ = {
			isa = XCConfigurationList;
			buildConfigurations = (
				9A2A8651270F11380079007F /* Debug */,
				9A2A8652270F11380079007F /* Release */,
			);
			defaultConfigurationIsVisible = 0;
			defaultConfigurationName = Release;
		};
/* End XCConfigurationList section */
	};
	rootObject = 9A2A862D270F11370079007F /* Project object */;
}
